{
    "_meta": {
        "hash": {
            "sha256": "f70f1b231c849f6847d1ef763f14f77b75b1c45cb8596c3a1d859e29882a8a8b"
        },
        "pipfile-spec": 6,
        "requires": {
            "python_version": "3.8"
        },
        "sources": [
            {
                "name": "pypi",
                "url": "https://pypi.org/simple",
                "verify_ssl": true
            }
        ]
    },
    "default": {
        "beautifulsoup4": {
            "hashes": [
                "sha256:4c98143716ef1cb40bf7f39a8e3eec8f8b009509e74904ba3a7b315431577e35",
                "sha256:84729e322ad1d5b4d25f805bfa05b902dd96450f43842c4e99067d5e1369eb25",
                "sha256:fff47e031e34ec82bf17e00da8f592fe7de69aeea38be00523c04623c04fb666"
            ],
            "index": "pypi",
            "version": "==4.9.3"
        },
        "cdifflib": {
            "hashes": [
                "sha256:0b385c2d9d66dfb982a9ab83e5c34a6ee7b29358924869e87275fcba4dcd109c",
                "sha256:910e2875485d953fafdaf4f2427d16f4c8896a124a45f56900bd190cc64e044f",
                "sha256:973e18e77eecb3b6df7b3823e2a4c1df4df871364abc8a134899dd23c6a314a1",
                "sha256:9c03e19b56e4dfa46a50836558e51c0badb5829e492077b0ef667c9bb94efa30",
                "sha256:a6bbd0bd5047180c893dc1d36383c7b12b544d252ac4a72f9ad8493d10a4cdc7",
                "sha256:ac631ad6dbd4d28b1b2746a27645c3b97ac67f8176a54d476e0490d6f69daac9",
                "sha256:c4a6cc04c43282806474d5fbceaac8cf244036de91dbd2b839f9275e1d8eb1b9",
                "sha256:dcb50b940e944775ddeb4ba6840c0824364c6972274943f1aeb82c692d2da416",
                "sha256:e2277bcd4a63cb4cc238302077b8d4012e63751288d217d3e7f5b9e8fa4cc4fa"
            ],
            "index": "pypi",
            "version": "==1.2.5"
        },
        "certifi": {
            "hashes": [
                "sha256:2bbf76fd432960138b3ef6dda3dde0544f27cbf8546c458e60baf371917ba9ee",
                "sha256:50b1e4f8446b06f41be7dd6338db18e0990601dce795c2b1686458aa7e8fa7d8"
            ],
            "version": "==2021.5.30"
        },
        "charset-normalizer": {
            "hashes": [
                "sha256:0c8911edd15d19223366a194a513099a302055a962bca2cec0f54b8b63175d8b",
                "sha256:f23667ebe1084be45f6ae0538e4a5a865206544097e4e8bbcacf42cd02a348f3"
            ],
            "markers": "python_version >= '3'",
            "version": "==2.0.4"
        },
        "idna": {
            "hashes": [
                "sha256:14475042e284991034cb48e06f6851428fb14c4dc953acd9be9a5e95c7b6dd7a",
                "sha256:467fbad99067910785144ce333826c71fb0e63a425657295239737f7ecd125f3"
            ],
            "markers": "python_version >= '3'",
            "version": "==3.2"
        },
        "requests": {
            "hashes": [
                "sha256:6c1246513ecd5ecd4528a0906f910e8f0f9c6b8ec72030dc9fd154dc1a6efd24",
                "sha256:b8aa58f8cf793ffd8782d3d8cb19e66ef36f7aba4353eec859e74678b01b07a7"
            ],
            "index": "pypi",
            "version": "==2.26.0"
        },
        "soupsieve": {
            "hashes": [
                "sha256:052774848f448cf19c7e959adf5566904d525f33a3f8b6ba6f6f8f26ec7de0cc",
                "sha256:c2c1c2d44f158cdbddab7824a9af8c4f83c76b1e23e049479aa432feb6c4c23b"
            ],
            "markers": "python_version >= '3'",
            "version": "==2.2.1"
        },
        "urllib3": {
            "hashes": [
                "sha256:39fb8672126159acb139a7718dd10806104dec1e2f0f6c88aab05d17df10c8d4",
                "sha256:f57b4c16c62fa2760b7e3d97c35b255512fb6b59a259730f36ba32ce9f8e342f"
            ],
            "markers": "python_version >= '2.7' and python_version not in '3.0, 3.1, 3.2, 3.3, 3.4' and python_version < '4'",
            "version": "==1.26.6"
        }
    },
    "develop": {}
}
